PODS:
  - DHExpandableLabel (1.0.0)

DEPENDENCIES:
  - DHExpandableLabel (from `../`)

EXTERNAL SOURCES:
  DHExpandableLabel:
    :path: "../"

SPEC CHECKSUMS:
  DHExpandableLabel: 936c929e2aba9eb181547ac0216613fcdcbed784

PODFILE CHECKSUM: 369d7500d14f628be0d689b3b3f1cf9059ff3215

COCOAPODS: 1.7.0.beta.3
